dependencies:
- name: app
  repository: file://../../../public-helm-charts/charts/app
  version: 0.1.0
- name: app
  repository: file://../../../public-helm-charts/charts/app
  version: 0.1.0
- name: database-with-backup
  repository: file://../../../public-helm-charts/charts/database-with-backup
  version: 0.1.0
- name: ingress-routes
  repository: file://../../../public-helm-charts/charts/ingress-routes
  version: 0.1.0
digest: sha256:fbd06607b0fed8e533043f217afdf98423104c370ab19317e0addc544a04a7b8
generated: "2026-04-27T20:15:08.594129+02:00"
